// !$*UTF8*$!
{
	archiveVersion = 1;
	classes = {
	};
	objectVersion = 46;
	objects = {

/* Begin PBXBuildFile section */
		5127BF1A1FA66FC100CD7AD9 /* PlaySoundsViewController+Audio.swift in Sources */ = {isa = PBXBuildFile; fileRef = 5127BF191FA66FC100CD7AD9 /* PlaySoundsViewController+Audio.swift */; };
		512B0E211F8C58F100831A03 /* AppDelegate.swift in Sources */ = {isa = PBXBuildFile; fileRef = 512B0E201F8C58F100831A03 /* AppDelegate.swift */; };
		512B0E231F8C58F100831A03 /* RecordSoundsViewController.swift in Sources */ = {isa = PBXBuildFile; fileRef = 512B0E221F8C58F100831A03 /* RecordSoundsViewController.swift */; };
		512B0E261F8C58F100831A03 /* Main.storyboard in Resources */ = {isa = PBXBuildFile; fileRef = 512B0E241F8C58F100831A03 /* Main.storyboard */; };
		512B0E281F8C58F100831A03 /* Assets.xcassets in Resources */ = {isa = PBXBuildFile; fileRef = 512B0E271F8C58F100831A03 /* Assets.xcassets */; };
		512B0E2B1F8C58F100831A03 /* LaunchScreen.storyboard in Resources */ = {isa = PBXBuildFile; fileRef = 512B0E291F8C58F100831A03 /* LaunchScreen.storyboard */; };
		512B0E331F8FBED500831A03 /* PlaySoundsViewController.swift in Sources */ = {isa = PBXBuildFile; fileRef = 512B0E321F8FBED500831A03 /* PlaySoundsViewController.swift */; };
/* End PBXBuildFile section */

/* Begin PBXFileReference section */
		5127BF191FA66FC100CD7AD9 /* PlaySoundsViewController+Audio.swift */ = {isa = PBXFileReference; fileEncoding = 4; lastKnownFileType = sourcecode.swift; path = "PlaySoundsViewController+Audio.swift"; sourceTree = "<group>"; };
		512B0E1D1F8C58F100831A03 /* PitchPerfect.app */ = {isa = PBXFileReference; explicitFileType = wrapper.application; includeInIndex = 0; path = PitchPerfect.app; sourceTree = BUILT_PRODUCTS_DIR; };
		512B0E201F8C58F100831A03 /* AppDelegate.swift */ = {isa = PBXFileReference; lastKnownFileType = sourcecode.swift; path = AppDelegate.swift; sourceTree = "<group>"; };
		512B0E221F8C58F100831A03 /* RecordSoundsViewController.swift */ = {isa = PBXFileReference; lastKnownFileType = sourcecode.swift; path = RecordSoundsViewController.swift; sourceTree = "<group>"; };
		512B0E251F8C58F100831A03 /* Base */ = {isa = PBXFileReference; lastKnownFileType = file.storyboard; name = Base; path = Base.lproj/Main.storyboard; sourceTree = "<group>"; };
		512B0E271F8C58F100831A03 /* Assets.xcassets */ = {isa = PBXFileReference; lastKnownFileType = folder.assetcatalog; path = Assets.xcassets; sourceTree = "<group>"; };
		512B0E2A1F8C58F100831A03 /* Base */ = {isa = PBXFileReference; lastKnownFileType = file.storyboard; name = Base; path = Base.lproj/LaunchScreen.storyboard; sourceTree = "<group>"; };
		512B0E2C1F8C58F100831A03 /* Info.plist */ = {isa = PBXFileReference; lastKnownFileType = text.plist.xml; path = Info.plist; sourceTree = "<group>"; };
		512B0E321F8FBED500831A03 /* PlaySoundsViewController.swift */ = {isa = PBXFileReference; fileEncoding = 4; lastKnownFileType = sourcecode.swift; path = PlaySoundsViewController.swift; sourceTree = "<group>"; };
/* End PBXFileReference section */

/* Begin PBXFrameworksBuildPhase section */
		512B0E1A1F8C58F100831A03 /* Frameworks */ = {
			isa = PBXFrameworksBuildPhase;
			buildActionMask = 2147483647;
			files = (
			);
			runOnlyForDeploymentPostprocessing = 0;
		};
/* End PBXFrameworksBuildPhase section */

/* Begin PBXGroup section */
		512B0E141F8C58F100831A03 = {
			isa = PBXGroup;
			children = (
				512B0E1F1F8C58F100831A03 /* PitchPerfect */,
				512B0E1E1F8C58F100831A03 /* Products */,
			);
			sourceTree = "<group>";
		};
		512B0E1E1F8C58F100831A03 /* Products */ = {
			isa = PBXGroup;
			children = (
				512B0E1D1F8C58F100831A03 /* PitchPerfect.app */,
			);
			name = Products;
			sourceTree = "<group>";
		};
		512B0E1F1F8C58F100831A03 /* PitchPerfect */ = {
			isa = PBXGroup;
			children = (
				512B0E201F8C58F100831A03 /* AppDelegate.swift */,
				512B0E221F8C58F100831A03 /* RecordSoundsViewController.swift */,
				512B0E241F8C58F100831A03 /* Main.storyboard */,
				512B0E271F8C58F100831A03 /* Assets.xcassets */,
				512B0E291F8C58F100831A03 /* LaunchScreen.storyboard */,
				512B0E2C1F8C58F100831A03 /* Info.plist */,
				512B0E321F8FBED500831A03 /* PlaySoundsViewController.swift */,
				5127BF191FA66FC100CD7AD9 /* PlaySoundsViewController+Audio.swift */,
			);
			path = PitchPerfect;
			sourceTree = "<group>";
		};
/* End PBXGroup section */

/* Begin PBXNativeTarget section */
		512B0E1C1F8C58F100831A03 /* PitchPerfect */ = {
			isa = PBXNativeTarget;
			buildConfigurationList = 512B0E2F1F8C58F100831A03 /* Build configuration list for PBXNativeTarget "PitchPerfect" */;
			buildPhases = (
				512B0E191F8C58F100831A03 /* Sources */,
				512B0E1A1F8C58F100831A03 /* Frameworks */,
				512B0E1B1F8C58F100831A03 /* Resources */,
			);
			buildRules = (
			);
			dependencies = (
			);
			name = PitchPerfect;
			productName = PitchPerfect;
			productReference = 512B0E1D1F8C58F100831A03 /* PitchPerfect.app */;
			productType = "com.apple.product-type.application";
		};
/* End PBXNativeTarget section */

/* Begin PBXProject section */
		512B0E151F8C58F100831A03 /* Project object */ = {
			isa = PBXProject;
			attributes = {
				LastSwiftUpdateCheck = 0820;
				LastUpgradeCheck = 0820;
				ORGANIZATIONNAME = "Felipe Valdivia";
				TargetAttributes = {
					512B0E1C1F8C58F100831A03 = {
						CreatedOnToolsVersion = 8.2.1;
						ProvisioningStyle = Automatic;
					};
				};
			};
			buildConfigurationList = 512B0E181F8C58F100831A03 /* Build configuration list for PBXProject "PitchPerfect" */;
			compatibilityVersion = "Xcode 3.2";
			developmentRegion = English;
			hasScannedForEncodings = 0;
			knownRegions = (
				en,
				Base,
			);
			mainGroup = 512B0E141F8C58F100831A03;
			productRefGroup = 512B0E1E1F8C58F100831A03 /* Products */;
			projectDirPath = "";
			projectRoot = "";
			targets = (
				512B0E1C1F8C58F100831A03 /* PitchPerfect */,
			);
		};
/* End PBXProject section */

/* Begin PBXResourcesBuildPhase section */
		512B0E1B1F8C58F100831A03 /* Resources */ = {
			isa = PBXResourcesBuildPhase;
			buildActionMask = 2147483647;
			files = (
				512B0E2B1F8C58F100831A03 /* LaunchScreen.storyboard in Resources */,
				512B0E281F8C58F100831A03 /* Assets.xcassets in Resources */,
				512B0E261F8C58F100831A03 /* Main.storyboard in Resources */,
			);
			runOnlyForDeploymentPostprocessing = 0;
		};
/* End PBXResourcesBuildPhase section */

/* Begin PBXSourcesBuildPhase section */
		512B0E191F8C58F100831A03 /* Sources */ = {
			isa = PBXSourcesBuildPhase;
			buildActionMask = 2147483647;
			files = (
				512B0E231F8C58F100831A03 /* RecordSoundsViewController.swift in Sources */,
				512B0E331F8FBED500831A03 /* PlaySoundsViewController.swift in Sources */,
				512B0E211F8C58F100831A03 /* AppDelegate.swift in Sources */,
				5127BF1A1FA66FC100CD7AD9 /* PlaySoundsViewController+Audio.swift in Sources */,
			);
			runOnlyForDeploymentPostprocessing = 0;
		};
/* End PBXSourcesBuildPhase section */

/* Begin PBXVariantGroup section */
		512B0E241F8C58F100831A03 /* Main.storyboard */ = {
			isa = PBXVariantGroup;
			children = (
				512B0E251F8C58F100831A03 /* Base */,
			);
			name = Main.storyboard;
			sourceTree = "<group>";
		};
		512B0E291F8C58F100831A03 /* LaunchScreen.storyboard */ = {
			isa = PBXVariantGroup;
			children = (
				512B0E2A1F8C58F100831A03 /* Base */,
			);
			name = LaunchScreen.storyboard;
			sourceTree = "<group>";
		};
/* End PBXVariantGroup section */

/* Begin XCBuildConfiguration section */
		512B0E2D1F8C58F100831A03 /* Debug */ = {
			isa = XCBuildConfiguration;
			buildSettings = {
				ALWAYS_SEARCH_USER_PATHS = NO;
				CLANG_ANALYZER_NONNULL = YES;
				CLANG_CXX_LANGUAGE_STANDARD = "gnu++0x";
				CLANG_CXX_LIBRARY = "libc++";
				CLANG_ENABLE_MODULES = YES;
				CLANG_ENABLE_OBJC_ARC = YES;
				CLANG_WARN_BOOL_CONVERSION = YES;
				CLANG_WARN_CONSTANT_CONVERSION = YES;
				CLANG_WARN_DIRECT_OBJC_ISA_USAGE = YES_ERROR;
				CLANG_WARN_DOCUMENTATION_COMMENTS = YES;
				CLANG_WARN_EMPTY_BODY = YES;
				CLANG_WARN_ENUM_CONVERSION = YES;
				CLANG_WARN_INFINITE_RECURSION = YES;
				CLANG_WARN_INT_CONVERSION = YES;
				CLANG_WARN_OBJC_ROOT_CLASS = YES_ERROR;
				CLANG_WARN_SUSPICIOUS_MOVE = YES;
				CLANG_WARN_UNREACHABLE_CODE = YES;
				CLANG_WARN__DUPLICATE_METHOD_MATCH = YES;
				"CODE_SIGN_IDENTITY[sdk=iphoneos*]" = "iPhone Developer";
				COPY_PHASE_STRIP = NO;
				DEBUG_INFORMATION_FORMAT = dwarf;
				ENABLE_STRICT_OBJC_MSGSEND = YES;
				ENABLE_TESTABILITY = YES;
				GCC_C_LANGUAGE_STANDARD = gnu99;
				GCC_DYNAMIC_NO_PIC = NO;
				GCC_NO_COMMON_BLOCKS = YES;
				GCC_OPTIMIZATION_LEVEL = 0;
				GCC_PREPROCESSOR_DEFINITIONS = (
					"DEBUG=1",
					"$(inherited)",
				);
				GCC_WARN_64_TO_32_BIT_CONVERSION = YES;
				GCC_WARN_ABOUT_RETURN_TYPE = YES_ERROR;
				GCC_WARN_UNDECLARED_SELECTOR = YES;
				GCC_WARN_UNINITIALIZED_AUTOS = YES_AGGRESSIVE;
				GCC_WARN_UNUSED_FUNCTION = YES;
				GCC_WARN_UNUSED_VARIABLE = YES;
				IPHONEOS_DEPLOYMENT_TARGET = 10.2;
				MTL_ENABLE_DEBUG_INFO = YES;
				ONLY_ACTIVE_ARCH = YES;
				SDKROOT = iphoneos;
				SWIFT_ACTIVE_COMPILATION_CONDITIONS = DEBUG;
				SWIFT_OPTIMIZATION_LEVEL = "-Onone";
			};
			name = Debug;
		};
		512B0E2E1F8C58F100831A03 /* Release */ = {
			isa = XCBuildConfiguration;
			buildSettings = {
				ALWAYS_SEARCH_USER_PATHS = NO;
				CLANG_ANALYZER_NONNULL = YES;
				CLANG_CXX_LANGUAGE_STANDARD = "gnu++0x";
				CLANG_CXX_LIBRARY = "libc++";
				CLANG_ENABLE_MODULES = YES;
				CLANG_ENABLE_OBJC_ARC = YES;
				CLANG_WARN_BOOL_CONVERSION = YES;
				CLANG_WARN_CONSTANT_CONVERSION = YES;
				CLANG_WARN_DIRECT_OBJC_ISA_USAGE = YES_ERROR;
				CLANG_WARN_DOCUMENTATION_COMMENTS = YES;
				CLANG_WARN_EMPTY_BODY = YES;
				CLANG_WARN_ENUM_CONVERSION = YES;
				CLANG_WARN_INFINITE_RECURSION = YES;
				CLANG_WARN_INT_CONVERSION = YES;
				CLANG_WARN_OBJC_ROOT_CLASS = YES_ERROR;
				CLANG_WARN_SUSPICIOUS_MOVE = YES;
				CLANG_WARN_UNREACHABLE_CODE = YES;
				CLANG_WARN__DUPLICATE_METHOD_MATCH = YES;
				"CODE_SIGN_IDENTITY[sdk=iphoneos*]" = "iPhone Developer";
				COPY_PHASE_STRIP = NO;
				DEBUG_INFORMATION_FORMAT = "dwarf-with-dsym";
				ENABLE_NS_ASSERTIONS = NO;
				ENABLE_STRICT_OBJC_MSGSEND = YES;
				GCC_C_LANGUAGE_STANDARD = gnu99;
				GCC_NO_COMMON_BLOCKS = YES;
				GCC_WARN_64_TO_32_BIT_CONVERSION = YES;
				GCC_WARN_ABOUT_RETURN_TYPE = YES_ERROR;
				GCC_WARN_UNDECLARED_SELECTOR = YES;
				GCC_WARN_UNINITIALIZED_AUTOS = YES_AGGRESSIVE;
				GCC_WARN_UNUSED_FUNCTION = YES;
				GCC_WARN_UNUSED_VARIABLE = YES;
				IPHONEOS_DEPLOYMENT_TARGET = 10.2;
				MTL_ENABLE_DEBUG_INFO = NO;
				SDKROOT = iphoneos;
				SWIFT_OPTIMIZATION_LEVEL = "-Owholemodule";
				VALIDATE_PRODUCT = YES;
			};
			name = Release;
		};
		512B0E301F8C58F100831A03 /* Debug */ = {
			isa = XCBuildConfiguration;
			buildSettings = {
				ASSETCATALOG_COMPILER_APPICON_NAME = AppIcon;
				INFOPLIST_FILE = PitchPerfect/Info.plist;
				LD_RUNPATH_SEARCH_PATHS = "$(inherited) @executable_path/Frameworks";
				PRODUCT_BUNDLE_IDENTIFIER = com.fvaldivia.PitchPerfect;
				PRODUCT_NAME = "$(TARGET_NAME)";
				SWIFT_VERSION = 3.0;
			};
			name = Debug;
		};
		512B0E311F8C58F100831A03 /* Release */ = {
			isa = XCBuildConfiguration;
			buildSettings = {
				ASSETCATALOG_COMPILER_APPICON_NAME = AppIcon;
				INFOPLIST_FILE = PitchPerfect/Info.plist;
				LD_RUNPATH_SEARCH_PATHS = "$(inherited) @executable_path/Frameworks";
				PRODUCT_BUNDLE_IDENTIFIER = com.fvaldivia.PitchPerfect;
				PRODUCT_NAME = "$(TARGET_NAME)";
				SWIFT_VERSION = 3.0;
			};
			name = Release;
		};
/* End XCBuildConfiguration section */

/* Begin XCConfigurationList section */
		512B0E181F8C58F100831A03 /* Build configuration list for PBXProject "PitchPerfect" */ = {
			isa = XCConfigurationList;
			buildConfigurations = (
				512B0E2D1F8C58F100831A03 /* Debug */,
				512B0E2E1F8C58F100831A03 /* Release */,
			);
			defaultConfigurationIsVisible = 0;
			defaultConfigurationName = Release;
		};
		512B0E2F1F8C58F100831A03 /* Build configuration list for PBXNativeTarget "PitchPerfect" */ = {
			isa = XCConfigurationList;
			buildConfigurations = (
				512B0E301F8C58F100831A03 /* Debug */,
				512B0E311F8C58F100831A03 /* Release */,
			);
			defaultConfigurationIsVisible = 0;
			defaultConfigurationName = Release;
		};
/* End XCConfigurationList section */
	};
	rootObject = 512B0E151F8C58F100831A03 /* Project object */;
}
